// !$*UTF8*$!
{
	archiveVersion = 1;
	classes = {
	};
	objectVersion = 46;
	objects = {

/* Begin PBXBuildFile section */
		813EEBEE1E96BBDE00C9119E /* AppDelegate.swift in Sources */ = {isa = PBXBuildFile; fileRef = 813EEBED1E96BBDE00C9119E /* AppDelegate.swift */; };
		813EEBF01E96BBDE00C9119E /* ViewController.swift in Sources */ = {isa = PBXBuildFile; fileRef = 813EEBEF1E96BBDE00C9119E /* ViewController.swift */; };
		813EEBF31E96BBDE00C9119E /* Main.storyboard in Resources */ = {isa = PBXBuildFile; fileRef = 813EEBF11E96BBDE00C9119E /* Main.storyboard */; };
		813EEBF61E96BBDE00C9119E /* SocketClient.xcdatamodeld in Sources */ = {isa = PBXBuildFile; fileRef = 813EEBF41E96BBDE00C9119E /* SocketClient.xcdatamodeld */; };
		813EEBF81E96BBDE00C9119E /* Assets.xcassets in Resources */ = {isa = PBXBuildFile; fileRef = 813EEBF71E96BBDE00C9119E /* Assets.xcassets */; };
		813EEBFB1E96BBDE00C9119E /* LaunchScreen.storyboard in Resources */ = {isa = PBXBuildFile; fileRef = 813EEBF91E96BBDE00C9119E /* LaunchScreen.storyboard */; };
/* End PBXBuildFile section */

/* Begin PBXFileReference section */
		813EEBEA1E96BBDE00C9119E /* SocketClient.app */ = {isa = PBXFileReference; explicitFileType = wrapper.application; includeInIndex = 0; path = SocketClient.app; sourceTree = BUILT_PRODUCTS_DIR; };
		813EEBED1E96BBDE00C9119E /* AppDelegate.swift */ = {isa = PBXFileReference; lastKnownFileType = sourcecode.swift; path = AppDelegate.swift; sourceTree = "<group>"; };
		813EEBEF1E96BBDE00C9119E /* ViewController.swift */ = {isa = PBXFileReference; lastKnownFileType = sourcecode.swift; path = ViewController.swift; sourceTree = "<group>"; };
		813EEBF21E96BBDE00C9119E /* Base */ = {isa = PBXFileReference; lastKnownFileType = file.storyboard; name = Base; path = Base.lproj/Main.storyboard; sourceTree = "<group>"; };
		813EEBF51E96BBDE00C9119E /* SocketClient.xcdatamodel */ = {isa = PBXFileReference; lastKnownFileType = wrapper.xcdatamodel; path = SocketClient.xcdatamodel; sourceTree = "<group>"; };
		813EEBF71E96BBDE00C9119E /* Assets.xcassets */ = {isa = PBXFileReference; lastKnownFileType = folder.assetcatalog; path = Assets.xcassets; sourceTree = "<group>"; };
		813EEBFA1E96BBDE00C9119E /* Base */ = {isa = PBXFileReference; lastKnownFileType = file.storyboard; name = Base; path = Base.lproj/LaunchScreen.storyboard; sourceTree = "<group>"; };
		813EEBFC1E96BBDE00C9119E /* Info.plist */ = {isa = PBXFileReference; lastKnownFileType = text.plist.xml; path = Info.plist; sourceTree = "<group>"; };
/* End PBXFileReference section */

/* Begin PBXFrameworksBuildPhase section */
		813EEBE71E96BBDE00C9119E /* Frameworks */ = {
			isa = PBXFrameworksBuildPhase;
			buildActionMask = 2147483647;
			files = (
			);
			runOnlyForDeploymentPostprocessing = 0;
		};
/* End PBXFrameworksBuildPhase section */

/* Begin PBXGroup section */
		813EEBE11E96BBDE00C9119E = {
			isa = PBXGroup;
			children = (
				813EEBEC1E96BBDE00C9119E /* SocketClient */,
				813EEBEB1E96BBDE00C9119E /* Products */,
			);
			sourceTree = "<group>";
		};
		813EEBEB1E96BBDE00C9119E /* Products */ = {
			isa = PBXGroup;
			children = (
				813EEBEA1E96BBDE00C9119E /* SocketClient.app */,
			);
			name = Products;
			sourceTree = "<group>";
		};
		813EEBEC1E96BBDE00C9119E /* SocketClient */ = {
			isa = PBXGroup;
			children = (
				813EEBED1E96BBDE00C9119E /* AppDelegate.swift */,
				813EEBEF1E96BBDE00C9119E /* ViewController.swift */,
				813EEBF11E96BBDE00C9119E /* Main.storyboard */,
				813EEBF71E96BBDE00C9119E /* Assets.xcassets */,
				813EEBF91E96BBDE00C9119E /* LaunchScreen.storyboard */,
				813EEBFC1E96BBDE00C9119E /* Info.plist */,
				813EEBF41E96BBDE00C9119E /* SocketClient.xcdatamodeld */,
			);
			path = SocketClient;
			sourceTree = "<group>";
		};
/* End PBXGroup section */

/* Begin PBXNativeTarget section */
		813EEBE91E96BBDE00C9119E /* SocketClient */ = {
			isa = PBXNativeTarget;
			buildConfigurationList = 813EEBFF1E96BBDE00C9119E /* Build configuration list for PBXNativeTarget "SocketClient" */;
			buildPhases = (
				813EEBE61E96BBDE00C9119E /* Sources */,
				813EEBE71E96BBDE00C9119E /* Frameworks */,
				813EEBE81E96BBDE00C9119E /* Resources */,
			);
			buildRules = (
			);
			dependencies = (
			);
			name = SocketClient;
			productName = SocketClient;
			productReference = 813EEBEA1E96BBDE00C9119E /* SocketClient.app */;
			productType = "com.apple.product-type.application";
		};
/* End PBXNativeTarget section */

/* Begin PBXProject section */
		813EEBE21E96BBDE00C9119E /* Project object */ = {
			isa = PBXProject;
			attributes = {
				LastSwiftUpdateCheck = 0730;
				LastUpgradeCheck = 0730;
				ORGANIZATIONNAME = "Yu, Peter M";
				TargetAttributes = {
					813EEBE91E96BBDE00C9119E = {
						CreatedOnToolsVersion = 7.3.1;
					};
				};
			};
			buildConfigurationList = 813EEBE51E96BBDE00C9119E /* Build configuration list for PBXProject "SocketClient" */;
			compatibilityVersion = "Xcode 3.2";
			developmentRegion = English;
			hasScannedForEncodings = 0;
			knownRegions = (
				en,
				Base,
			);
			mainGroup = 813EEBE11E96BBDE00C9119E;
			productRefGroup = 813EEBEB1E96BBDE00C9119E /* Products */;
			projectDirPath = "";
			projectRoot = "";
			targets = (
				813EEBE91E96BBDE00C9119E /* SocketClient */,
			);
		};
/* End PBXProject section */

/* Begin PBXResourcesBuildPhase section */
		813EEBE81E96BBDE00C9119E /* Resources */ = {
			isa = PBXResourcesBuildPhase;
			buildActionMask = 2147483647;
			files = (
				813EEBFB1E96BBDE00C9119E /* LaunchScreen.storyboard in Resources */,
				813EEBF81E96BBDE00C9119E /* Assets.xcassets in Resources */,
				813EEBF31E96BBDE00C9119E /* Main.storyboard in Resources */,
			);
			runOnlyForDeploymentPostprocessing = 0;
		};
/* End PBXResourcesBuildPhase section */

/* Begin PBXSourcesBuildPhase section */
		813EEBE61E96BBDE00C9119E /* Sources */ = {
			isa = PBXSourcesBuildPhase;
			buildActionMask = 2147483647;
			files = (
				813EEBF61E96BBDE00C9119E /* SocketClient.xcdatamodeld in Sources */,
				813EEBF01E96BBDE00C9119E /* ViewController.swift in Sources */,
				813EEBEE1E96BBDE00C9119E /* AppDelegate.swift in Sources */,
			);
			runOnlyForDeploymentPostprocessing = 0;
		};
/* End PBXSourcesBuildPhase section */

/* Begin PBXVariantGroup section */
		813EEBF11E96BBDE00C9119E /* Main.storyboard */ = {
			isa = PBXVariantGroup;
			children = (
				813EEBF21E96BBDE00C9119E /* Base */,
			);
			name = Main.storyboard;
			sourceTree = "<group>";
		};
		813EEBF91E96BBDE00C9119E /* LaunchScreen.storyboard */ = {
			isa = PBXVariantGroup;
			children = (
				813EEBFA1E96BBDE00C9119E /* Base */,
			);
			name = LaunchScreen.storyboard;
			sourceTree = "<group>";
		};
/* End PBXVariantGroup section */

/* Begin XCBuildConfiguration section */
		813EEBFD1E96BBDE00C9119E /* Debug */ = {
			isa = XCBuildConfiguration;
			buildSettings = {
				ALWAYS_SEARCH_USER_PATHS = NO;
				CLANG_ANALYZER_NONNULL = YES;
				CLANG_CXX_LANGUAGE_STANDARD = "gnu++0x";
				CLANG_CXX_LIBRARY = "libc++";
				CLANG_ENABLE_MODULES = YES;
				CLANG_ENABLE_OBJC_ARC = YES;
				CLANG_WARN_BOOL_CONVERSION = YES;
				CLANG_WARN_CONSTANT_CONVERSION = YES;
				CLANG_WARN_DIRECT_OBJC_ISA_USAGE = YES_ERROR;
				CLANG_WARN_EMPTY_BODY = YES;
				CLANG_WARN_ENUM_CONVERSION = YES;
				CLANG_WARN_INT_CONVERSION = YES;
				CLANG_WARN_OBJC_ROOT_CLASS = YES_ERROR;
				CLANG_WARN_UNREACHABLE_CODE = YES;
				CLANG_WARN__DUPLICATE_METHOD_MATCH = YES;
				"CODE_SIGN_IDENTITY[sdk=iphoneos*]" = "iPhone Developer";
				COPY_PHASE_STRIP = NO;
				DEBUG_INFORMATION_FORMAT = dwarf;
				ENABLE_STRICT_OBJC_MSGSEND = YES;
				ENABLE_TESTABILITY = YES;
				GCC_C_LANGUAGE_STANDARD = gnu99;
				GCC_DYNAMIC_NO_PIC = NO;
				GCC_NO_COMMON_BLOCKS = YES;
				GCC_OPTIMIZATION_LEVEL = 0;
				GCC_PREPROCESSOR_DEFINITIONS = (
					"DEBUG=1",
					"$(inherited)",
				);
				GCC_WARN_64_TO_32_BIT_CONVERSION = YES;
				GCC_WARN_ABOUT_RETURN_TYPE = YES_ERROR;
				GCC_WARN_UNDECLARED_SELECTOR = YES;
				GCC_WARN_UNINITIALIZED_AUTOS = YES_AGGRESSIVE;
				GCC_WARN_UNUSED_FUNCTION = YES;
				GCC_WARN_UNUSED_VARIABLE = YES;
				IPHONEOS_DEPLOYMENT_TARGET = 9.3;
				MTL_ENABLE_DEBUG_INFO = YES;
				ONLY_ACTIVE_ARCH = YES;
				SDKROOT = iphoneos;
				SWIFT_OPTIMIZATION_LEVEL = "-Onone";
				TARGETED_DEVICE_FAMILY = "1,2";
			};
			name = Debug;
		};
		813EEBFE1E96BBDE00C9119E /* Release */ = {
			isa = XCBuildConfiguration;
			buildSettings = {
				ALWAYS_SEARCH_USER_PATHS = NO;
				CLANG_ANALYZER_NONNULL = YES;
				CLANG_CXX_LANGUAGE_STANDARD = "gnu++0x";
				CLANG_CXX_LIBRARY = "libc++";
				CLANG_ENABLE_MODULES = YES;
				CLANG_ENABLE_OBJC_ARC = YES;
				CLANG_WARN_BOOL_CONVERSION = YES;
				CLANG_WARN_CONSTANT_CONVERSION = YES;
				CLANG_WARN_DIRECT_OBJC_ISA_USAGE = YES_ERROR;
				CLANG_WARN_EMPTY_BODY = YES;
				CLANG_WARN_ENUM_CONVERSION = YES;
				CLANG_WARN_INT_CONVERSION = YES;
				CLANG_WARN_OBJC_ROOT_CLASS = YES_ERROR;
				CLANG_WARN_UNREACHABLE_CODE = YES;
				CLANG_WARN__DUPLICATE_METHOD_MATCH = YES;
				"CODE_SIGN_IDENTITY[sdk=iphoneos*]" = "iPhone Developer";
				COPY_PHASE_STRIP = NO;
				DEBUG_INFORMATION_FORMAT = "dwarf-with-dsym";
				ENABLE_NS_ASSERTIONS = NO;
				ENABLE_STRICT_OBJC_MSGSEND = YES;
				GCC_C_LANGUAGE_STANDARD = gnu99;
				GCC_NO_COMMON_BLOCKS = YES;
				GCC_WARN_64_TO_32_BIT_CONVERSION = YES;
				GCC_WARN_ABOUT_RETURN_TYPE = YES_ERROR;
				GCC_WARN_UNDECLARED_SELECTOR = YES;
				GCC_WARN_UNINITIALIZED_AUTOS = YES_AGGRESSIVE;
				GCC_WARN_UNUSED_FUNCTION = YES;
				GCC_WARN_UNUSED_VARIABLE = YES;
				IPHONEOS_DEPLOYMENT_TARGET = 9.3;
				MTL_ENABLE_DEBUG_INFO = NO;
				SDKROOT = iphoneos;
				TARGETED_DEVICE_FAMILY = "1,2";
				VALIDATE_PRODUCT = YES;
			};
			name = Release;
		};
		813EEC001E96BBDE00C9119E /* Debug */ = {
			isa = XCBuildConfiguration;
			buildSettings = {
				ASSETCATALOG_COMPILER_APPICON_NAME = AppIcon;
				INFOPLIST_FILE = SocketClient/Info.plist;
				LD_RUNPATH_SEARCH_PATHS = "$(inherited) @executable_path/Frameworks";
				PRODUCT_BUNDLE_IDENTIFIER = BME261L.SocketClient;
				PRODUCT_NAME = "$(TARGET_NAME)";
			};
			name = Debug;
		};
		813EEC011E96BBDE00C9119E /* Release */ = {
			isa = XCBuildConfiguration;
			buildSettings = {
				ASSETCATALOG_COMPILER_APPICON_NAME = AppIcon;
				INFOPLIST_FILE = SocketClient/Info.plist;
				LD_RUNPATH_SEARCH_PATHS = "$(inherited) @executable_path/Frameworks";
				PRODUCT_BUNDLE_IDENTIFIER = BME261L.SocketClient;
				PRODUCT_NAME = "$(TARGET_NAME)";
			};
			name = Release;
		};
/* End XCBuildConfiguration section */

/* Begin XCConfigurationList section */
		813EEBE51E96BBDE00C9119E /* Build configuration list for PBXProject "SocketClient" */ = {
			isa = XCConfigurationList;
			buildConfigurations = (
				813EEBFD1E96BBDE00C9119E /* Debug */,
				813EEBFE1E96BBDE00C9119E /* Release */,
			);
			defaultConfigurationIsVisible = 0;
			defaultConfigurationName = Release;
		};
		813EEBFF1E96BBDE00C9119E /* Build configuration list for PBXNativeTarget "SocketClient" */ = {
			isa = XCConfigurationList;
			buildConfigurations = (
				813EEC001E96BBDE00C9119E /* Debug */,
				813EEC011E96BBDE00C9119E /* Release */,
			);
			defaultConfigurationIsVisible = 0;
		};
/* End XCConfigurationList section */

/* Begin XCVersionGroup section */
		813EEBF41E96BBDE00C9119E /* SocketClient.xcdatamodeld */ = {
			isa = XCVersionGroup;
			children = (
				813EEBF51E96BBDE00C9119E /* SocketClient.xcdatamodel */,
			);
			currentVersion = 813EEBF51E96BBDE00C9119E /* SocketClient.xcdatamodel */;
			path = SocketClient.xcdatamodeld;
			sourceTree = "<group>";
			versionGroupType = wrapper.xcdatamodel;
		};
/* End XCVersionGroup section */
	};
	rootObject = 813EEBE21E96BBDE00C9119E /* Project object */;
}
